
Microsoft Visual Studio Solution File, Format Version 12.00
# Visual Studio Version 17
VisualStudioVersion = 17.0.31912.275
MinimumVisualStudioVersion = 10.0.40219.1
Project("{D954291E-2A0B-460D-934E-DC6B0785DB48}") = "TwelveEngine", "TwelveEngine\TwelveEngine.shproj", "{A0CDBD0E-3A41-42B7-9425-A838BC2C7383}"
EndProject
Project("{9A19103F-16F7-4668-BE54-9A1E7A4F7556}") = "TwelveDesktop", "TwelveDesktop\TwelveDesktop.csproj", "{7049D8D0-4EF9-4D9C-A731-10CE09DE4451}"
EndProject
Project("{FAE04EC0-301F-11D3-BF4B-00C04F79EFBC}") = "TwelveUWP", "TwelveUWP\TwelveUWP.csproj", "{ACFBF054-13A9-423D-A02C-EC04F48BAB64}"
EndProject
Project("{2150E333-8FDC-42A3-9474-1A3956D46DE8}") = "Platforms", "Platforms", "{3011F088-EB04-438A-9014-1D539CFD9163}"
EndProject
Project("{9A19103F-16F7-4668-BE54-9A1E7A4F7556}") = "EngineCMD", "EngineCMD\EngineCMD.csproj", "{EA5B3977-98E9-4901-BFE9-BFDE345A8521}"
EndProject
Project("{9A19103F-16F7-4668-BE54-9A1E7A4F7556}") = "TiledCompiler", "TiledCompiler\TiledCompiler.csproj", "{CE78CDD9-8CD2-407A-B5EB-832C4837D3BD}"
EndProject
Project("{2150E333-8FDC-42A3-9474-1A3956D46DE8}") = "Map Encoding", "Map Encoding", "{0F5445DA-1493-4E8B-B024-3CC428C94E31}"
EndProject
Project("{D954291E-2A0B-460D-934E-DC6B0785DB48}") = "Porthole", "Porthole\Porthole.shproj", "{8E5E3DD6-2B80-4BF8-9755-BA8A8E4C59A2}"
EndProject
Project("{D954291E-2A0B-460D-934E-DC6B0785DB48}") = "ElfGame", "ElfGame\ElfGame.shproj", "{365C0711-BC1F-4B64-B2D6-EF9A21B28150}"
EndProject
Global
	GlobalSection(SharedMSBuildProjectFiles) = preSolution
		ElfGame\ElfGame.projitems*{365c0711-bc1f-4b64-b2d6-ef9a21b28150}*SharedItemsImports = 13
		ElfGame\ElfGame.projitems*{7049d8d0-4ef9-4d9c-a731-10ce09de4451}*SharedItemsImports = 5
		TwelveEngine\TwelveEngine.projitems*{7049d8d0-4ef9-4d9c-a731-10ce09de4451}*SharedItemsImports = 5
		Porthole\Porthole.projitems*{8e5e3dd6-2b80-4bf8-9755-ba8a8e4c59a2}*SharedItemsImports = 13
		TwelveEngine\TwelveEngine.projitems*{a0cdbd0e-3a41-42b7-9425-a838bc2c7383}*SharedItemsImports = 13
	EndGlobalSection
	GlobalSection(SolutionConfigurationPlatforms) = preSolution
		Debug|Any CPU = Debug|Any CPU
		Debug|ARM = Debug|ARM
		Debug|x64 = Debug|x64
		Debug|x86 = Debug|x86
		Release|Any CPU = Release|Any CPU
		Release|ARM = Release|ARM
		Release|x64 = Release|x64
		Release|x86 = Release|x86
	EndGlobalSection
	GlobalSection(ProjectConfigurationPlatforms) = postSolution
		{7049D8D0-4EF9-4D9C-A731-10CE09DE4451}.Debug|Any CPU.ActiveCfg = Debug|Any CPU
		{7049D8D0-4EF9-4D9C-A731-10CE09DE4451}.Debug|Any CPU.Build.0 = Debug|Any CPU
		{7049D8D0-4EF9-4D9C-A731-10CE09DE4451}.Debug|ARM.ActiveCfg = Debug|Any CPU
		{7049D8D0-4EF9-4D9C-A731-10CE09DE4451}.Debug|ARM.Build.0 = Debug|Any CPU
		{7049D8D0-4EF9-4D9C-A731-10CE09DE4451}.Debug|x64.ActiveCfg = Debug|Any CPU
		{7049D8D0-4EF9-4D9C-A731-10CE09DE4451}.Debug|x64.Build.0 = Debug|Any CPU
		{7049D8D0-4EF9-4D9C-A731-10CE09DE4451}.Debug|x86.ActiveCfg = Debug|Any CPU
		{7049D8D0-4EF9-4D9C-A731-10CE09DE4451}.Debug|x86.Build.0 = Debug|Any CPU
		{7049D8D0-4EF9-4D9C-A731-10CE09DE4451}.Release|Any CPU.ActiveCfg = Release|Any CPU
		{7049D8D0-4EF9-4D9C-A731-10CE09DE4451}.Release|Any CPU.Build.0 = Release|Any CPU
		{7049D8D0-4EF9-4D9C-A731-10CE09DE4451}.Release|ARM.ActiveCfg = Release|Any CPU
		{7049D8D0-4EF9-4D9C-A731-10CE09DE4451}.Release|ARM.Build.0 = Release|Any CPU
		{7049D8D0-4EF9-4D9C-A731-10CE09DE4451}.Release|x64.ActiveCfg = Release|Any CPU
		{7049D8D0-4EF9-4D9C-A731-10CE09DE4451}.Release|x64.Build.0 = Release|Any CPU
		{7049D8D0-4EF9-4D9C-A731-10CE09DE4451}.Release|x86.ActiveCfg = Release|Any CPU
		{7049D8D0-4EF9-4D9C-A731-10CE09DE4451}.Release|x86.Build.0 = Release|Any CPU
		{ACFBF054-13A9-423D-A02C-EC04F48BAB64}.Debug|Any CPU.ActiveCfg = Debug|x86
		{ACFBF054-13A9-423D-A02C-EC04F48BAB64}.Debug|ARM.ActiveCfg = Debug|ARM
		{ACFBF054-13A9-423D-A02C-EC04F48BAB64}.Debug|ARM.Build.0 = Debug|ARM
		{ACFBF054-13A9-423D-A02C-EC04F48BAB64}.Debug|ARM.Deploy.0 = Debug|ARM
		{ACFBF054-13A9-423D-A02C-EC04F48BAB64}.Debug|x64.ActiveCfg = Debug|x64
		{ACFBF054-13A9-423D-A02C-EC04F48BAB64}.Debug|x64.Build.0 = Debug|x64
		{ACFBF054-13A9-423D-A02C-EC04F48BAB64}.Debug|x64.Deploy.0 = Debug|x64
		{ACFBF054-13A9-423D-A02C-EC04F48BAB64}.Debug|x86.ActiveCfg = Debug|x86
		{ACFBF054-13A9-423D-A02C-EC04F48BAB64}.Debug|x86.Build.0 = Debug|x86
		{ACFBF054-13A9-423D-A02C-EC04F48BAB64}.Debug|x86.Deploy.0 = Debug|x86
		{ACFBF054-13A9-423D-A02C-EC04F48BAB64}.Release|Any CPU.ActiveCfg = Release|x86
		{ACFBF054-13A9-423D-A02C-EC04F48BAB64}.Release|ARM.ActiveCfg = Release|ARM
		{ACFBF054-13A9-423D-A02C-EC04F48BAB64}.Release|ARM.Build.0 = Release|ARM
		{ACFBF054-13A9-423D-A02C-EC04F48BAB64}.Release|ARM.Deploy.0 = Release|ARM
		{ACFBF054-13A9-423D-A02C-EC04F48BAB64}.Release|x64.ActiveCfg = Release|x64
		{ACFBF054-13A9-423D-A02C-EC04F48BAB64}.Release|x64.Build.0 = Release|x64
		{ACFBF054-13A9-423D-A02C-EC04F48BAB64}.Release|x64.Deploy.0 = Release|x64
		{ACFBF054-13A9-423D-A02C-EC04F48BAB64}.Release|x86.ActiveCfg = Release|x86
		{ACFBF054-13A9-423D-A02C-EC04F48BAB64}.Release|x86.Build.0 = Release|x86
		{ACFBF054-13A9-423D-A02C-EC04F48BAB64}.Release|x86.Deploy.0 = Release|x86
		{EA5B3977-98E9-4901-BFE9-BFDE345A8521}.Debug|Any CPU.ActiveCfg = Debug|Any CPU
		{EA5B3977-98E9-4901-BFE9-BFDE345A8521}.Debug|Any CPU.Build.0 = Debug|Any CPU
		{EA5B3977-98E9-4901-BFE9-BFDE345A8521}.Debug|ARM.ActiveCfg = Debug|Any CPU
		{EA5B3977-98E9-4901-BFE9-BFDE345A8521}.Debug|ARM.Build.0 = Debug|Any CPU
		{EA5B3977-98E9-4901-BFE9-BFDE345A8521}.Debug|x64.ActiveCfg = Debug|Any CPU
		{EA5B3977-98E9-4901-BFE9-BFDE345A8521}.Debug|x64.Build.0 = Debug|Any CPU
		{EA5B3977-98E9-4901-BFE9-BFDE345A8521}.Debug|x86.ActiveCfg = Debug|Any CPU
		{EA5B3977-98E9-4901-BFE9-BFDE345A8521}.Debug|x86.Build.0 = Debug|Any CPU
		{EA5B3977-98E9-4901-BFE9-BFDE345A8521}.Release|Any CPU.ActiveCfg = Release|Any CPU
		{EA5B3977-98E9-4901-BFE9-BFDE345A8521}.Release|Any CPU.Build.0 = Release|Any CPU
		{EA5B3977-98E9-4901-BFE9-BFDE345A8521}.Release|ARM.ActiveCfg = Release|Any CPU
		{EA5B3977-98E9-4901-BFE9-BFDE345A8521}.Release|ARM.Build.0 = Release|Any CPU
		{EA5B3977-98E9-4901-BFE9-BFDE345A8521}.Release|x64.ActiveCfg = Release|Any CPU
		{EA5B3977-98E9-4901-BFE9-BFDE345A8521}.Release|x64.Build.0 = Release|Any CPU
		{EA5B3977-98E9-4901-BFE9-BFDE345A8521}.Release|x86.ActiveCfg = Release|Any CPU
		{EA5B3977-98E9-4901-BFE9-BFDE345A8521}.Release|x86.Build.0 = Release|Any CPU
		{CE78CDD9-8CD2-407A-B5EB-832C4837D3BD}.Debug|Any CPU.ActiveCfg = Debug|Any CPU
		{CE78CDD9-8CD2-407A-B5EB-832C4837D3BD}.Debug|Any CPU.Build.0 = Debug|Any CPU
		{CE78CDD9-8CD2-407A-B5EB-832C4837D3BD}.Debug|ARM.ActiveCfg = Debug|Any CPU
		{CE78CDD9-8CD2-407A-B5EB-832C4837D3BD}.Debug|ARM.Build.0 = Debug|Any CPU
		{CE78CDD9-8CD2-407A-B5EB-832C4837D3BD}.Debug|x64.ActiveCfg = Debug|Any CPU
		{CE78CDD9-8CD2-407A-B5EB-832C4837D3BD}.Debug|x64.Build.0 = Debug|Any CPU
		{CE78CDD9-8CD2-407A-B5EB-832C4837D3BD}.Debug|x86.ActiveCfg = Debug|Any CPU
		{CE78CDD9-8CD2-407A-B5EB-832C4837D3BD}.Debug|x86.Build.0 = Debug|Any CPU
		{CE78CDD9-8CD2-407A-B5EB-832C4837D3BD}.Release|Any CPU.ActiveCfg = Release|Any CPU
		{CE78CDD9-8CD2-407A-B5EB-832C4837D3BD}.Release|Any CPU.Build.0 = Release|Any CPU
		{CE78CDD9-8CD2-407A-B5EB-832C4837D3BD}.Release|ARM.ActiveCfg = Release|Any CPU
		{CE78CDD9-8CD2-407A-B5EB-832C4837D3BD}.Release|ARM.Build.0 = Release|Any CPU
		{CE78CDD9-8CD2-407A-B5EB-832C4837D3BD}.Release|x64.ActiveCfg = Release|Any CPU
		{CE78CDD9-8CD2-407A-B5EB-832C4837D3BD}.Release|x64.Build.0 = Release|Any CPU
		{CE78CDD9-8CD2-407A-B5EB-832C4837D3BD}.Release|x86.ActiveCfg = Release|Any CPU
		{CE78CDD9-8CD2-407A-B5EB-832C4837D3BD}.Release|x86.Build.0 = Release|Any CPU
	EndGlobalSection
	GlobalSection(SolutionProperties) = preSolution
		HideSolutionNode = FALSE
	EndGlobalSection
	GlobalSection(NestedProjects) = preSolution
		{7049D8D0-4EF9-4D9C-A731-10CE09DE4451} = {3011F088-EB04-438A-9014-1D539CFD9163}
		{ACFBF054-13A9-423D-A02C-EC04F48BAB64} = {3011F088-EB04-438A-9014-1D539CFD9163}
		{EA5B3977-98E9-4901-BFE9-BFDE345A8521} = {3011F088-EB04-438A-9014-1D539CFD9163}
		{CE78CDD9-8CD2-407A-B5EB-832C4837D3BD} = {0F5445DA-1493-4E8B-B024-3CC428C94E31}
	EndGlobalSection
	GlobalSection(ExtensibilityGlobals) = postSolution
		SolutionGuid = {C8D402DC-B34B-4D03-9F18-84DA46695DB2}
	EndGlobalSection
EndGlobal
