
Microsoft Visual Studio Solution File, Format Version 12.00
# Visual Studio Version 17
VisualStudioVersion = 17.0.31912.275
MinimumVisualStudioVersion = 10.0.40219.1
Project("{D954291E-2A0B-460D-934E-DC6B0785DB48}") = "TwelveEngine", "TwelveEngine\TwelveEngine.shproj", "{A0CDBD0E-3A41-42B7-9425-A838BC2C7383}"
EndProject
Project("{2150E333-8FDC-42A3-9474-1A3956D46DE8}") = "Platforms", "Platforms", "{3011F088-EB04-438A-9014-1D539CFD9163}"
EndProject
Project("{D954291E-2A0B-460D-934E-DC6B0785DB48}") = "Elves", "Elves\Elves.shproj", "{E8A83DFC-9C0F-4082-93F5-8AB67ECB8669}"
EndProject
Project("{9A19103F-16F7-4668-BE54-9A1E7A4F7556}") = "ElvesDesktop", "ElvesDesktop\ElvesDesktop.csproj", "{A2890100-9132-4EE2-9580-84C714A8F7D5}"
EndProject
Project("{9A19103F-16F7-4668-BE54-9A1E7A4F7556}") = "ContentBuilder", "ContentBuilder\ContentBuilder.csproj", "{66D32F55-20CD-4BA9-906A-D2FED66EE206}"
EndProject
Project("{9A19103F-16F7-4668-BE54-9A1E7A4F7556}") = "TwelveEngineLibrary", "TwelveEngineLibrary\TwelveEngineLibrary.csproj", "{11C565B2-51C1-4F56-B950-153476150228}"
EndProject
Project("{FAE04EC0-301F-11D3-BF4B-00C04F79EFBC}") = "TestPlatform", "TestPlatform\TestPlatform.csproj", "{E9F9BE7B-98EC-485B-BCC7-C3D1F6CA979C}"
EndProject
Global
	GlobalSection(SolutionConfigurationPlatforms) = preSolution
		Debug|Any CPU = Debug|Any CPU
		Debug|ARM = Debug|ARM
		Debug|x64 = Debug|x64
		Debug|x86 = Debug|x86
		Release|Any CPU = Release|Any CPU
		Release|ARM = Release|ARM
		Release|x64 = Release|x64
		Release|x86 = Release|x86
	EndGlobalSection
	GlobalSection(ProjectConfigurationPlatforms) = postSolution
		{A0CDBD0E-3A41-42B7-9425-A838BC2C7383}.Debug|Any CPU.ActiveCfg = Debug|Any CPU
		{A0CDBD0E-3A41-42B7-9425-A838BC2C7383}.Debug|ARM.ActiveCfg = Debug|Any CPU
		{A0CDBD0E-3A41-42B7-9425-A838BC2C7383}.Debug|x64.ActiveCfg = Debug|Any CPU
		{A0CDBD0E-3A41-42B7-9425-A838BC2C7383}.Debug|x86.ActiveCfg = Debug|Any CPU
		{A0CDBD0E-3A41-42B7-9425-A838BC2C7383}.Release|Any CPU.ActiveCfg = Release|Any CPU
		{A0CDBD0E-3A41-42B7-9425-A838BC2C7383}.Release|ARM.ActiveCfg = Release|Any CPU
		{A0CDBD0E-3A41-42B7-9425-A838BC2C7383}.Release|x64.ActiveCfg = Release|Any CPU
		{A0CDBD0E-3A41-42B7-9425-A838BC2C7383}.Release|x86.ActiveCfg = Release|Any CPU
		{A2890100-9132-4EE2-9580-84C714A8F7D5}.Debug|Any CPU.ActiveCfg = Debug|Any CPU
		{A2890100-9132-4EE2-9580-84C714A8F7D5}.Debug|Any CPU.Build.0 = Debug|Any CPU
		{A2890100-9132-4EE2-9580-84C714A8F7D5}.Debug|ARM.ActiveCfg = Debug|Any CPU
		{A2890100-9132-4EE2-9580-84C714A8F7D5}.Debug|ARM.Build.0 = Debug|Any CPU
		{A2890100-9132-4EE2-9580-84C714A8F7D5}.Debug|x64.ActiveCfg = Debug|Any CPU
		{A2890100-9132-4EE2-9580-84C714A8F7D5}.Debug|x64.Build.0 = Debug|Any CPU
		{A2890100-9132-4EE2-9580-84C714A8F7D5}.Debug|x86.ActiveCfg = Debug|Any CPU
		{A2890100-9132-4EE2-9580-84C714A8F7D5}.Debug|x86.Build.0 = Debug|Any CPU
		{A2890100-9132-4EE2-9580-84C714A8F7D5}.Release|Any CPU.ActiveCfg = Release|Any CPU
		{A2890100-9132-4EE2-9580-84C714A8F7D5}.Release|Any CPU.Build.0 = Release|Any CPU
		{A2890100-9132-4EE2-9580-84C714A8F7D5}.Release|ARM.ActiveCfg = Release|Any CPU
		{A2890100-9132-4EE2-9580-84C714A8F7D5}.Release|ARM.Build.0 = Release|Any CPU
		{A2890100-9132-4EE2-9580-84C714A8F7D5}.Release|x64.ActiveCfg = Release|Any CPU
		{A2890100-9132-4EE2-9580-84C714A8F7D5}.Release|x64.Build.0 = Release|Any CPU
		{A2890100-9132-4EE2-9580-84C714A8F7D5}.Release|x86.ActiveCfg = Release|Any CPU
		{A2890100-9132-4EE2-9580-84C714A8F7D5}.Release|x86.Build.0 = Release|Any CPU
		{66D32F55-20CD-4BA9-906A-D2FED66EE206}.Debug|Any CPU.ActiveCfg = Debug|Any CPU
		{66D32F55-20CD-4BA9-906A-D2FED66EE206}.Debug|Any CPU.Build.0 = Debug|Any CPU
		{66D32F55-20CD-4BA9-906A-D2FED66EE206}.Debug|ARM.ActiveCfg = Debug|Any CPU
		{66D32F55-20CD-4BA9-906A-D2FED66EE206}.Debug|ARM.Build.0 = Debug|Any CPU
		{66D32F55-20CD-4BA9-906A-D2FED66EE206}.Debug|x64.ActiveCfg = Debug|Any CPU
		{66D32F55-20CD-4BA9-906A-D2FED66EE206}.Debug|x64.Build.0 = Debug|Any CPU
		{66D32F55-20CD-4BA9-906A-D2FED66EE206}.Debug|x86.ActiveCfg = Debug|Any CPU
		{66D32F55-20CD-4BA9-906A-D2FED66EE206}.Debug|x86.Build.0 = Debug|Any CPU
		{66D32F55-20CD-4BA9-906A-D2FED66EE206}.Release|Any CPU.ActiveCfg = Release|Any CPU
		{66D32F55-20CD-4BA9-906A-D2FED66EE206}.Release|Any CPU.Build.0 = Release|Any CPU
		{66D32F55-20CD-4BA9-906A-D2FED66EE206}.Release|ARM.ActiveCfg = Release|Any CPU
		{66D32F55-20CD-4BA9-906A-D2FED66EE206}.Release|ARM.Build.0 = Release|Any CPU
		{66D32F55-20CD-4BA9-906A-D2FED66EE206}.Release|x64.ActiveCfg = Release|Any CPU
		{66D32F55-20CD-4BA9-906A-D2FED66EE206}.Release|x64.Build.0 = Release|Any CPU
		{66D32F55-20CD-4BA9-906A-D2FED66EE206}.Release|x86.ActiveCfg = Release|Any CPU
		{66D32F55-20CD-4BA9-906A-D2FED66EE206}.Release|x86.Build.0 = Release|Any CPU
		{11C565B2-51C1-4F56-B950-153476150228}.Debug|Any CPU.ActiveCfg = Debug|Any CPU
		{11C565B2-51C1-4F56-B950-153476150228}.Debug|Any CPU.Build.0 = Debug|Any CPU
		{11C565B2-51C1-4F56-B950-153476150228}.Debug|ARM.ActiveCfg = Debug|Any CPU
		{11C565B2-51C1-4F56-B950-153476150228}.Debug|ARM.Build.0 = Debug|Any CPU
		{11C565B2-51C1-4F56-B950-153476150228}.Debug|x64.ActiveCfg = Debug|Any CPU
		{11C565B2-51C1-4F56-B950-153476150228}.Debug|x64.Build.0 = Debug|Any CPU
		{11C565B2-51C1-4F56-B950-153476150228}.Debug|x86.ActiveCfg = Debug|Any CPU
		{11C565B2-51C1-4F56-B950-153476150228}.Debug|x86.Build.0 = Debug|Any CPU
		{11C565B2-51C1-4F56-B950-153476150228}.Release|Any CPU.ActiveCfg = Release|Any CPU
		{11C565B2-51C1-4F56-B950-153476150228}.Release|Any CPU.Build.0 = Release|Any CPU
		{11C565B2-51C1-4F56-B950-153476150228}.Release|ARM.ActiveCfg = Release|Any CPU
		{11C565B2-51C1-4F56-B950-153476150228}.Release|ARM.Build.0 = Release|Any CPU
		{11C565B2-51C1-4F56-B950-153476150228}.Release|x64.ActiveCfg = Release|Any CPU
		{11C565B2-51C1-4F56-B950-153476150228}.Release|x64.Build.0 = Release|Any CPU
		{11C565B2-51C1-4F56-B950-153476150228}.Release|x86.ActiveCfg = Release|Any CPU
		{11C565B2-51C1-4F56-B950-153476150228}.Release|x86.Build.0 = Release|Any CPU
		{E9F9BE7B-98EC-485B-BCC7-C3D1F6CA979C}.Debug|Any CPU.ActiveCfg = Debug|Any CPU
		{E9F9BE7B-98EC-485B-BCC7-C3D1F6CA979C}.Debug|Any CPU.Build.0 = Debug|Any CPU
		{E9F9BE7B-98EC-485B-BCC7-C3D1F6CA979C}.Debug|ARM.ActiveCfg = Debug|Any CPU
		{E9F9BE7B-98EC-485B-BCC7-C3D1F6CA979C}.Debug|ARM.Build.0 = Debug|Any CPU
		{E9F9BE7B-98EC-485B-BCC7-C3D1F6CA979C}.Debug|x64.ActiveCfg = Debug|Any CPU
		{E9F9BE7B-98EC-485B-BCC7-C3D1F6CA979C}.Debug|x64.Build.0 = Debug|Any CPU
		{E9F9BE7B-98EC-485B-BCC7-C3D1F6CA979C}.Debug|x86.ActiveCfg = Debug|Any CPU
		{E9F9BE7B-98EC-485B-BCC7-C3D1F6CA979C}.Debug|x86.Build.0 = Debug|Any CPU
		{E9F9BE7B-98EC-485B-BCC7-C3D1F6CA979C}.Release|Any CPU.ActiveCfg = Release|Any CPU
		{E9F9BE7B-98EC-485B-BCC7-C3D1F6CA979C}.Release|Any CPU.Build.0 = Release|Any CPU
		{E9F9BE7B-98EC-485B-BCC7-C3D1F6CA979C}.Release|ARM.ActiveCfg = Release|Any CPU
		{E9F9BE7B-98EC-485B-BCC7-C3D1F6CA979C}.Release|ARM.Build.0 = Release|Any CPU
		{E9F9BE7B-98EC-485B-BCC7-C3D1F6CA979C}.Release|x64.ActiveCfg = Release|Any CPU
		{E9F9BE7B-98EC-485B-BCC7-C3D1F6CA979C}.Release|x64.Build.0 = Release|Any CPU
		{E9F9BE7B-98EC-485B-BCC7-C3D1F6CA979C}.Release|x86.ActiveCfg = Release|Any CPU
		{E9F9BE7B-98EC-485B-BCC7-C3D1F6CA979C}.Release|x86.Build.0 = Release|Any CPU
	EndGlobalSection
	GlobalSection(SolutionProperties) = preSolution
		HideSolutionNode = FALSE
	EndGlobalSection
	GlobalSection(NestedProjects) = preSolution
		{A2890100-9132-4EE2-9580-84C714A8F7D5} = {3011F088-EB04-438A-9014-1D539CFD9163}
		{66D32F55-20CD-4BA9-906A-D2FED66EE206} = {3011F088-EB04-438A-9014-1D539CFD9163}
		{11C565B2-51C1-4F56-B950-153476150228} = {3011F088-EB04-438A-9014-1D539CFD9163}
		{E9F9BE7B-98EC-485B-BCC7-C3D1F6CA979C} = {3011F088-EB04-438A-9014-1D539CFD9163}
	EndGlobalSection
	GlobalSection(ExtensibilityGlobals) = postSolution
		SolutionGuid = {C8D402DC-B34B-4D03-9F18-84DA46695DB2}
	EndGlobalSection
	GlobalSection(SharedMSBuildProjectFiles) = preSolution
		TwelveEngine\TwelveEngine.projitems*{11c565b2-51c1-4f56-b950-153476150228}*SharedItemsImports = 5
		TwelveEngine\TwelveEngine.projitems*{a0cdbd0e-3a41-42b7-9425-a838bc2c7383}*SharedItemsImports = 13
		Elves\Elves.projitems*{a2890100-9132-4ee2-9580-84c714a8f7d5}*SharedItemsImports = 5
		Elves\Elves.projitems*{e8a83dfc-9c0f-4082-93f5-8ab67ecb8669}*SharedItemsImports = 13
	EndGlobalSection
EndGlobal
